# This file is automatically @generated by Cargo.
# It is not intended for manual editing.
version = 4

[[package]]
name = "aether-capture"
version = "0.1.0"

[[package]]
name = "aether-client"
version = "0.1.0"

[[package]]
name = "aether-codec"
version = "0.1.0"

[[package]]
name = "aether-core"
version = "0.1.0"

[[package]]
name = "aether-host"
version = "0.1.0"

[[package]]
name = "aether-net"
version = "0.1.0"

[[package]]
name = "aether-protocol"
version = "0.1.0"

[[package]]
name = "aether-render"
version = "0.1.0"

[[package]]
name = "aether-ui"
version = "0.1.0"
